
Microsoft Visual Studio Solution File, Format Version 12.00
# Visual Studio Version 17
VisualStudioVersion = 17.5.33530.505
MinimumVisualStudioVersion = 10.0.40219.1
Project("{FAE04EC0-301F-11D3-BF4B-00C04F79EFBC}") = "MVVM_IMPLENTACION_HACB.Android", "MVVM_IMPLENTACION_HACB.Android\MVVM_IMPLENTACION_HACB.Android.csproj", "{FFD3A440-D35D-4443-9B87-E05F0691DD1A}"
EndProject
Project("{FAE04EC0-301F-11D3-BF4B-00C04F79EFBC}") = "MVVM_IMPLENTACION_HACB.iOS", "MVVM_IMPLENTACION_HACB.iOS\MVVM_IMPLENTACION_HACB.iOS.csproj", "{06BA4484-9902-495D-98BB-EC6204EA15E9}"
EndProject
Project("{FAE04EC0-301F-11D3-BF4B-00C04F79EFBC}") = "MVVM_IMPLENTACION_HACB", "MVVM_IMPLENTACION_HACB\MVVM_IMPLENTACION_HACB.csproj", "{A4E10BB3-19A6-4AC3-AEAA-AD97817DCC40}"
EndProject
Global
	GlobalSection(SolutionConfigurationPlatforms) = preSolution
		Debug|Any CPU = Debug|Any CPU
		Debug|iPhone = Debug|iPhone
		Debug|iPhoneSimulator = Debug|iPhoneSimulator
		Release|Any CPU = Release|Any CPU
		Release|iPhone = Release|iPhone
		Release|iPhoneSimulator = Release|iPhoneSimulator
	EndGlobalSection
	GlobalSection(ProjectConfigurationPlatforms) = postSolution
		{FFD3A440-D35D-4443-9B87-E05F0691DD1A}.Debug|Any CPU.ActiveCfg = Debug|Any CPU
		{FFD3A440-D35D-4443-9B87-E05F0691DD1A}.Debug|Any CPU.Build.0 = Debug|Any CPU
		{FFD3A440-D35D-4443-9B87-E05F0691DD1A}.Debug|Any CPU.Deploy.0 = Debug|Any CPU
		{FFD3A440-D35D-4443-9B87-E05F0691DD1A}.Debug|iPhone.ActiveCfg = Debug|Any CPU
		{FFD3A440-D35D-4443-9B87-E05F0691DD1A}.Debug|iPhone.Build.0 = Debug|Any CPU
		{FFD3A440-D35D-4443-9B87-E05F0691DD1A}.Debug|iPhone.Deploy.0 = Debug|Any CPU
		{FFD3A440-D35D-4443-9B87-E05F0691DD1A}.Debug|iPhoneSimulator.ActiveCfg = Debug|Any CPU
		{FFD3A440-D35D-4443-9B87-E05F0691DD1A}.Debug|iPhoneSimulator.Build.0 = Debug|Any CPU
		{FFD3A440-D35D-4443-9B87-E05F0691DD1A}.Debug|iPhoneSimulator.Deploy.0 = Debug|Any CPU
		{FFD3A440-D35D-4443-9B87-E05F0691DD1A}.Release|Any CPU.ActiveCfg = Release|Any CPU
		{FFD3A440-D35D-4443-9B87-E05F0691DD1A}.Release|Any CPU.Build.0 = Release|Any CPU
		{FFD3A440-D35D-4443-9B87-E05F0691DD1A}.Release|Any CPU.Deploy.0 = Release|Any CPU
		{FFD3A440-D35D-4443-9B87-E05F0691DD1A}.Release|iPhone.ActiveCfg = Release|Any CPU
		{FFD3A440-D35D-4443-9B87-E05F0691DD1A}.Release|iPhone.Build.0 = Release|Any CPU
		{FFD3A440-D35D-4443-9B87-E05F0691DD1A}.Release|iPhone.Deploy.0 = Release|Any CPU
		{FFD3A440-D35D-4443-9B87-E05F0691DD1A}.Release|iPhoneSimulator.ActiveCfg = Release|Any CPU
		{FFD3A440-D35D-4443-9B87-E05F0691DD1A}.Release|iPhoneSimulator.Build.0 = Release|Any CPU
		{FFD3A440-D35D-4443-9B87-E05F0691DD1A}.Release|iPhoneSimulator.Deploy.0 = Release|Any CPU
		{06BA4484-9902-495D-98BB-EC6204EA15E9}.Debug|Any CPU.ActiveCfg = Debug|iPhone
		{06BA4484-9902-495D-98BB-EC6204EA15E9}.Debug|Any CPU.Build.0 = Debug|iPhone
		{06BA4484-9902-495D-98BB-EC6204EA15E9}.Debug|Any CPU.Deploy.0 = Debug|iPhone
		{06BA4484-9902-495D-98BB-EC6204EA15E9}.Debug|iPhone.ActiveCfg = Debug|iPhone
		{06BA4484-9902-495D-98BB-EC6204EA15E9}.Debug|iPhone.Build.0 = Debug|iPhone
		{06BA4484-9902-495D-98BB-EC6204EA15E9}.Debug|iPhone.Deploy.0 = Debug|iPhone
		{06BA4484-9902-495D-98BB-EC6204EA15E9}.Debug|iPhoneSimulator.ActiveCfg = Debug|iPhoneSimulator
		{06BA4484-9902-495D-98BB-EC6204EA15E9}.Debug|iPhoneSimulator.Build.0 = Debug|iPhoneSimulator
		{06BA4484-9902-495D-98BB-EC6204EA15E9}.Debug|iPhoneSimulator.Deploy.0 = Debug|iPhoneSimulator
		{06BA4484-9902-495D-98BB-EC6204EA15E9}.Release|Any CPU.ActiveCfg = Release|iPhoneSimulator
		{06BA4484-9902-495D-98BB-EC6204EA15E9}.Release|Any CPU.Build.0 = Release|iPhoneSimulator
		{06BA4484-9902-495D-98BB-EC6204EA15E9}.Release|Any CPU.Deploy.0 = Release|iPhoneSimulator
		{06BA4484-9902-495D-98BB-EC6204EA15E9}.Release|iPhone.ActiveCfg = Release|iPhone
		{06BA4484-9902-495D-98BB-EC6204EA15E9}.Release|iPhone.Build.0 = Release|iPhone
		{06BA4484-9902-495D-98BB-EC6204EA15E9}.Release|iPhone.Deploy.0 = Release|iPhone
		{06BA4484-9902-495D-98BB-EC6204EA15E9}.Release|iPhoneSimulator.ActiveCfg = Release|iPhoneSimulator
		{06BA4484-9902-495D-98BB-EC6204EA15E9}.Release|iPhoneSimulator.Build.0 = Release|iPhoneSimulator
		{06BA4484-9902-495D-98BB-EC6204EA15E9}.Release|iPhoneSimulator.Deploy.0 = Release|iPhoneSimulator
		{A4E10BB3-19A6-4AC3-AEAA-AD97817DCC40}.Debug|Any CPU.ActiveCfg = Debug|Any CPU
		{A4E10BB3-19A6-4AC3-AEAA-AD97817DCC40}.Debug|Any CPU.Build.0 = Debug|Any CPU
		{A4E10BB3-19A6-4AC3-AEAA-AD97817DCC40}.Debug|Any CPU.Deploy.0 = Debug|Any CPU
		{A4E10BB3-19A6-4AC3-AEAA-AD97817DCC40}.Debug|iPhone.ActiveCfg = Debug|Any CPU
		{A4E10BB3-19A6-4AC3-AEAA-AD97817DCC40}.Debug|iPhone.Build.0 = Debug|Any CPU
		{A4E10BB3-19A6-4AC3-AEAA-AD97817DCC40}.Debug|iPhone.Deploy.0 = Debug|Any CPU
		{A4E10BB3-19A6-4AC3-AEAA-AD97817DCC40}.Debug|iPhoneSimulator.ActiveCfg = Debug|Any CPU
		{A4E10BB3-19A6-4AC3-AEAA-AD97817DCC40}.Debug|iPhoneSimulator.Build.0 = Debug|Any CPU
		{A4E10BB3-19A6-4AC3-AEAA-AD97817DCC40}.Debug|iPhoneSimulator.Deploy.0 = Debug|Any CPU
		{A4E10BB3-19A6-4AC3-AEAA-AD97817DCC40}.Release|Any CPU.ActiveCfg = Release|Any CPU
		{A4E10BB3-19A6-4AC3-AEAA-AD97817DCC40}.Release|Any CPU.Build.0 = Release|Any CPU
		{A4E10BB3-19A6-4AC3-AEAA-AD97817DCC40}.Release|Any CPU.Deploy.0 = Release|Any CPU
		{A4E10BB3-19A6-4AC3-AEAA-AD97817DCC40}.Release|iPhone.ActiveCfg = Release|Any CPU
		{A4E10BB3-19A6-4AC3-AEAA-AD97817DCC40}.Release|iPhone.Build.0 = Release|Any CPU
		{A4E10BB3-19A6-4AC3-AEAA-AD97817DCC40}.Release|iPhone.Deploy.0 = Release|Any CPU
		{A4E10BB3-19A6-4AC3-AEAA-AD97817DCC40}.Release|iPhoneSimulator.ActiveCfg = Release|Any CPU
		{A4E10BB3-19A6-4AC3-AEAA-AD97817DCC40}.Release|iPhoneSimulator.Build.0 = Release|Any CPU
		{A4E10BB3-19A6-4AC3-AEAA-AD97817DCC40}.Release|iPhoneSimulator.Deploy.0 = Release|Any CPU
	EndGlobalSection
	GlobalSection(SolutionProperties) = preSolution
		HideSolutionNode = FALSE
	EndGlobalSection
	GlobalSection(ExtensibilityGlobals) = postSolution
		SolutionGuid = {C71968DF-5DB7-4FC2-8FD4-4D2D0A7BD78E}
	EndGlobalSection
EndGlobal
